
Microsoft Visual Studio Solution File, Format Version 12.00
# Visual Studio Version 16
VisualStudioVersion = 16.0.30523.141
MinimumVisualStudioVersion = 10.0.40219.1
Project("{FAE04EC0-301F-11D3-BF4B-00C04F79EFBC}") = "1-PrimeiroProjeto", "1-PrimeiroProjeto\1-PrimeiroProjeto.csproj", "{7EF7B9E1-2EE1-4B80-B6ED-7B7BEC09C7AF}"
EndProject
Project("{FAE04EC0-301F-11D3-BF4B-00C04F79EFBC}") = "2-CriandoVariaveis", "2-CriandoVariaveis\2-CriandoVariaveis.csproj", "{052DBF67-36CB-4973-BCB0-CE34C657C228}"
EndProject
Project("{FAE04EC0-301F-11D3-BF4B-00C04F79EFBC}") = "3-CriandoVariaveisPontoFlutuante", "3-CriandoVariaveisPontoFlutuante\3-CriandoVariaveisPontoFlutuante.csproj", "{D5D79E33-8378-4C66-84B3-221237F37D78}"
EndProject
Project("{FAE04EC0-301F-11D3-BF4B-00C04F79EFBC}") = "4-ConversoesEOutrosTiposNumericos", "4-ConversoesEOutrosTiposNumericos\4-ConversoesEOutrosTiposNumericos.csproj", "{30DECEBF-2D8C-4315-873F-DF561E7EEB36}"
EndProject
Project("{FAE04EC0-301F-11D3-BF4B-00C04F79EFBC}") = "5-CaracteresETextos", "5-CaracteresETextos\5-CaracteresETextos.csproj", "{4AAE3433-CEFF-4596-9F06-30D503822C6B}"
EndProject
Project("{FAE04EC0-301F-11D3-BF4B-00C04F79EFBC}") = "6-AtribuicoesDeVariaveis", "6-AtribuicoesDeVariaveis\6-AtribuicoesDeVariaveis.csproj", "{CE3E4791-2E63-4B1E-8908-AF148CFA79A5}"
EndProject
Project("{FAE04EC0-301F-11D3-BF4B-00C04F79EFBC}") = "7-Condiconais", "7-Condiconais\7-Condiconais.csproj", "{23B2768E-C8DA-4B5D-ABB1-E47618810F62}"
EndProject
Project("{FAE04EC0-301F-11D3-BF4B-00C04F79EFBC}") = "8-Condicionais2", "8-Condicionais2\8-Condicionais2.csproj", "{50B5831B-00C4-4BF7-8DFC-0973E39CEFCC}"
EndProject
Project("{FAE04EC0-301F-11D3-BF4B-00C04F79EFBC}") = "9-Escopo", "9-Escopo\9-Escopo.csproj", "{1A037504-C541-45C5-8DC7-38FCA0A9C500}"
EndProject
Project("{FAE04EC0-301F-11D3-BF4B-00C04F79EFBC}") = "P10-CalculaPoupanca", "P10-CalculaPoupanca\P10-CalculaPoupanca.csproj", "{692EFBB4-5F6B-492D-AFFA-F68EF4507C20}"
EndProject
Project("{FAE04EC0-301F-11D3-BF4B-00C04F79EFBC}") = "P11-CalculaPoupanca2", "P11-CalculaPoupanca2\P11-CalculaPoupanca2.csproj", "{86F977BB-58F4-44DA-A419-6A71EFFB1DF2}"
EndProject
Project("{FAE04EC0-301F-11D3-BF4B-00C04F79EFBC}") = "P12-CalculaInvestimentoLongoPrazo", "P12-CalculaInvestimentoLongoPrazo\P12-CalculaInvestimentoLongoPrazo.csproj", "{E759C0DC-AF98-4EAA-A08F-3C36FCD7504F}"
EndProject
Project("{FAE04EC0-301F-11D3-BF4B-00C04F79EFBC}") = "P13-ForEncadeado", "P13-ForEncadeado\P13-ForEncadeado.csproj", "{DF5B050D-9B5B-4EB6-A4AB-1FAE2E92CF9B}"
EndProject
Global
	GlobalSection(SolutionConfigurationPlatforms) = preSolution
		Debug|Any CPU = Debug|Any CPU
		Release|Any CPU = Release|Any CPU
	EndGlobalSection
	GlobalSection(ProjectConfigurationPlatforms) = postSolution
		{7EF7B9E1-2EE1-4B80-B6ED-7B7BEC09C7AF}.Debug|Any CPU.ActiveCfg = Debug|Any CPU
		{7EF7B9E1-2EE1-4B80-B6ED-7B7BEC09C7AF}.Debug|Any CPU.Build.0 = Debug|Any CPU
		{7EF7B9E1-2EE1-4B80-B6ED-7B7BEC09C7AF}.Release|Any CPU.ActiveCfg = Release|Any CPU
		{7EF7B9E1-2EE1-4B80-B6ED-7B7BEC09C7AF}.Release|Any CPU.Build.0 = Release|Any CPU
		{052DBF67-36CB-4973-BCB0-CE34C657C228}.Debug|Any CPU.ActiveCfg = Debug|Any CPU
		{052DBF67-36CB-4973-BCB0-CE34C657C228}.Debug|Any CPU.Build.0 = Debug|Any CPU
		{052DBF67-36CB-4973-BCB0-CE34C657C228}.Release|Any CPU.ActiveCfg = Release|Any CPU
		{052DBF67-36CB-4973-BCB0-CE34C657C228}.Release|Any CPU.Build.0 = Release|Any CPU
		{D5D79E33-8378-4C66-84B3-221237F37D78}.Debug|Any CPU.ActiveCfg = Debug|Any CPU
		{D5D79E33-8378-4C66-84B3-221237F37D78}.Debug|Any CPU.Build.0 = Debug|Any CPU
		{D5D79E33-8378-4C66-84B3-221237F37D78}.Release|Any CPU.ActiveCfg = Release|Any CPU
		{D5D79E33-8378-4C66-84B3-221237F37D78}.Release|Any CPU.Build.0 = Release|Any CPU
		{30DECEBF-2D8C-4315-873F-DF561E7EEB36}.Debug|Any CPU.ActiveCfg = Debug|Any CPU
		{30DECEBF-2D8C-4315-873F-DF561E7EEB36}.Debug|Any CPU.Build.0 = Debug|Any CPU
		{30DECEBF-2D8C-4315-873F-DF561E7EEB36}.Release|Any CPU.ActiveCfg = Release|Any CPU
		{30DECEBF-2D8C-4315-873F-DF561E7EEB36}.Release|Any CPU.Build.0 = Release|Any CPU
		{4AAE3433-CEFF-4596-9F06-30D503822C6B}.Debug|Any CPU.ActiveCfg = Debug|Any CPU
		{4AAE3433-CEFF-4596-9F06-30D503822C6B}.Debug|Any CPU.Build.0 = Debug|Any CPU
		{4AAE3433-CEFF-4596-9F06-30D503822C6B}.Release|Any CPU.ActiveCfg = Release|Any CPU
		{4AAE3433-CEFF-4596-9F06-30D503822C6B}.Release|Any CPU.Build.0 = Release|Any CPU
		{CE3E4791-2E63-4B1E-8908-AF148CFA79A5}.Debug|Any CPU.ActiveCfg = Debug|Any CPU
		{CE3E4791-2E63-4B1E-8908-AF148CFA79A5}.Debug|Any CPU.Build.0 = Debug|Any CPU
		{CE3E4791-2E63-4B1E-8908-AF148CFA79A5}.Release|Any CPU.ActiveCfg = Release|Any CPU
		{CE3E4791-2E63-4B1E-8908-AF148CFA79A5}.Release|Any CPU.Build.0 = Release|Any CPU
		{23B2768E-C8DA-4B5D-ABB1-E47618810F62}.Debug|Any CPU.ActiveCfg = Debug|Any CPU
		{23B2768E-C8DA-4B5D-ABB1-E47618810F62}.Debug|Any CPU.Build.0 = Debug|Any CPU
		{23B2768E-C8DA-4B5D-ABB1-E47618810F62}.Release|Any CPU.ActiveCfg = Release|Any CPU
		{23B2768E-C8DA-4B5D-ABB1-E47618810F62}.Release|Any CPU.Build.0 = Release|Any CPU
		{50B5831B-00C4-4BF7-8DFC-0973E39CEFCC}.Debug|Any CPU.ActiveCfg = Debug|Any CPU
		{50B5831B-00C4-4BF7-8DFC-0973E39CEFCC}.Debug|Any CPU.Build.0 = Debug|Any CPU
		{50B5831B-00C4-4BF7-8DFC-0973E39CEFCC}.Release|Any CPU.ActiveCfg = Release|Any CPU
		{50B5831B-00C4-4BF7-8DFC-0973E39CEFCC}.Release|Any CPU.Build.0 = Release|Any CPU
		{1A037504-C541-45C5-8DC7-38FCA0A9C500}.Debug|Any CPU.ActiveCfg = Debug|Any CPU
		{1A037504-C541-45C5-8DC7-38FCA0A9C500}.Debug|Any CPU.Build.0 = Debug|Any CPU
		{1A037504-C541-45C5-8DC7-38FCA0A9C500}.Release|Any CPU.ActiveCfg = Release|Any CPU
		{1A037504-C541-45C5-8DC7-38FCA0A9C500}.Release|Any CPU.Build.0 = Release|Any CPU
		{692EFBB4-5F6B-492D-AFFA-F68EF4507C20}.Debug|Any CPU.ActiveCfg = Debug|Any CPU
		{692EFBB4-5F6B-492D-AFFA-F68EF4507C20}.Debug|Any CPU.Build.0 = Debug|Any CPU
		{692EFBB4-5F6B-492D-AFFA-F68EF4507C20}.Release|Any CPU.ActiveCfg = Release|Any CPU
		{692EFBB4-5F6B-492D-AFFA-F68EF4507C20}.Release|Any CPU.Build.0 = Release|Any CPU
		{86F977BB-58F4-44DA-A419-6A71EFFB1DF2}.Debug|Any CPU.ActiveCfg = Debug|Any CPU
		{86F977BB-58F4-44DA-A419-6A71EFFB1DF2}.Debug|Any CPU.Build.0 = Debug|Any CPU
		{86F977BB-58F4-44DA-A419-6A71EFFB1DF2}.Release|Any CPU.ActiveCfg = Release|Any CPU
		{86F977BB-58F4-44DA-A419-6A71EFFB1DF2}.Release|Any CPU.Build.0 = Release|Any CPU
		{E759C0DC-AF98-4EAA-A08F-3C36FCD7504F}.Debug|Any CPU.ActiveCfg = Debug|Any CPU
		{E759C0DC-AF98-4EAA-A08F-3C36FCD7504F}.Debug|Any CPU.Build.0 = Debug|Any CPU
		{E759C0DC-AF98-4EAA-A08F-3C36FCD7504F}.Release|Any CPU.ActiveCfg = Release|Any CPU
		{E759C0DC-AF98-4EAA-A08F-3C36FCD7504F}.Release|Any CPU.Build.0 = Release|Any CPU
		{DF5B050D-9B5B-4EB6-A4AB-1FAE2E92CF9B}.Debug|Any CPU.ActiveCfg = Debug|Any CPU
		{DF5B050D-9B5B-4EB6-A4AB-1FAE2E92CF9B}.Debug|Any CPU.Build.0 = Debug|Any CPU
		{DF5B050D-9B5B-4EB6-A4AB-1FAE2E92CF9B}.Release|Any CPU.ActiveCfg = Release|Any CPU
		{DF5B050D-9B5B-4EB6-A4AB-1FAE2E92CF9B}.Release|Any CPU.Build.0 = Release|Any CPU
	EndGlobalSection
	GlobalSection(SolutionProperties) = preSolution
		HideSolutionNode = FALSE
	EndGlobalSection
	GlobalSection(ExtensibilityGlobals) = postSolution
		SolutionGuid = {5879EF85-B29D-4CAE-BBDF-CB8E5C1A4736}
	EndGlobalSection
EndGlobal
